
Microsoft Visual Studio Solution File, Format Version 12.00
# Visual Studio Version 16
VisualStudioVersion = 16.0.30413.136
MinimumVisualStudioVersion = 10.0.40219.1
Project("{FAE04EC0-301F-11D3-BF4B-00C04F79EFBC}") = "Domashka", "Domashka\Domashka.csproj", "{527C883D-349D-498E-B55B-E4C5FE9CFCB0}"
EndProject
Global
	GlobalSection(SolutionConfigurationPlatforms) = preSolution
		Debug|Any CPU = Debug|Any CPU
		Release|Any CPU = Release|Any CPU
	EndGlobalSection
	GlobalSection(ProjectConfigurationPlatforms) = postSolution
		{527C883D-349D-498E-B55B-E4C5FE9CFCB0}.Debug|Any CPU.ActiveCfg = Debug|Any CPU
		{527C883D-349D-498E-B55B-E4C5FE9CFCB0}.Debug|Any CPU.Build.0 = Debug|Any CPU
		{527C883D-349D-498E-B55B-E4C5FE9CFCB0}.Release|Any CPU.ActiveCfg = Release|Any CPU
		{527C883D-349D-498E-B55B-E4C5FE9CFCB0}.Release|Any CPU.Build.0 = Release|Any CPU
	EndGlobalSection
	GlobalSection(SolutionProperties) = preSolution
		HideSolutionNode = FALSE
	EndGlobalSection
	GlobalSection(ExtensibilityGlobals) = postSolution
		SolutionGuid = {BE0E4FA4-610F-4BDB-A866-AAF0B0F9F68B}
	EndGlobalSection
EndGlobal
